
Microsoft Visual Studio Solution File, Format Version 12.00
# Visual Studio Version 17
VisualStudioVersion = 17.1.32210.238
MinimumVisualStudioVersion = 10.0.40219.1
Project("{9A19103F-16F7-4668-BE54-9A1E7A4F7556}") = "DigiAviator", "DigiAviator\DigiAviator.csproj", "{9B39193A-647E-4906-8F33-54F4E8452331}"
EndProject
Project("{9A19103F-16F7-4668-BE54-9A1E7A4F7556}") = "DigiAviator.Core", "DigiAviator.Core\DigiAviator.Core.csproj", "{E45B9F68-90F5-4C8F-BE3F-D4A4E3A17E31}"
EndProject
Project("{9A19103F-16F7-4668-BE54-9A1E7A4F7556}") = "DigiAviator.Infrastructure", "DigiAviator.Infrastructure\DigiAviator.Infrastructure.csproj", "{076C6619-72C1-4464-AF0E-D712544C3E59}"
EndProject
Project("{FAE04EC0-301F-11D3-BF4B-00C04F79EFBC}") = "DigiAviator.Test", "DigiAviator.Tesst\DigiAviator.Test.csproj", "{FFAD9DB8-10EE-431A-AF68-8AD7E686D1F0}"
EndProject
Global
	GlobalSection(SolutionConfigurationPlatforms) = preSolution
		Debug|Any CPU = Debug|Any CPU
		Release|Any CPU = Release|Any CPU
	EndGlobalSection
	GlobalSection(ProjectConfigurationPlatforms) = postSolution
		{9B39193A-647E-4906-8F33-54F4E8452331}.Debug|Any CPU.ActiveCfg = Debug|Any CPU
		{9B39193A-647E-4906-8F33-54F4E8452331}.Debug|Any CPU.Build.0 = Debug|Any CPU
		{9B39193A-647E-4906-8F33-54F4E8452331}.Release|Any CPU.ActiveCfg = Release|Any CPU
		{9B39193A-647E-4906-8F33-54F4E8452331}.Release|Any CPU.Build.0 = Release|Any CPU
		{E45B9F68-90F5-4C8F-BE3F-D4A4E3A17E31}.Debug|Any CPU.ActiveCfg = Debug|Any CPU
		{E45B9F68-90F5-4C8F-BE3F-D4A4E3A17E31}.Debug|Any CPU.Build.0 = Debug|Any CPU
		{E45B9F68-90F5-4C8F-BE3F-D4A4E3A17E31}.Release|Any CPU.ActiveCfg = Release|Any CPU
		{E45B9F68-90F5-4C8F-BE3F-D4A4E3A17E31}.Release|Any CPU.Build.0 = Release|Any CPU
		{076C6619-72C1-4464-AF0E-D712544C3E59}.Debug|Any CPU.ActiveCfg = Debug|Any CPU
		{076C6619-72C1-4464-AF0E-D712544C3E59}.Debug|Any CPU.Build.0 = Debug|Any CPU
		{076C6619-72C1-4464-AF0E-D712544C3E59}.Release|Any CPU.ActiveCfg = Release|Any CPU
		{076C6619-72C1-4464-AF0E-D712544C3E59}.Release|Any CPU.Build.0 = Release|Any CPU
		{FFAD9DB8-10EE-431A-AF68-8AD7E686D1F0}.Debug|Any CPU.ActiveCfg = Debug|Any CPU
		{FFAD9DB8-10EE-431A-AF68-8AD7E686D1F0}.Debug|Any CPU.Build.0 = Debug|Any CPU
		{FFAD9DB8-10EE-431A-AF68-8AD7E686D1F0}.Release|Any CPU.ActiveCfg = Release|Any CPU
		{FFAD9DB8-10EE-431A-AF68-8AD7E686D1F0}.Release|Any CPU.Build.0 = Release|Any CPU
	EndGlobalSection
	GlobalSection(SolutionProperties) = preSolution
		HideSolutionNode = FALSE
	EndGlobalSection
	GlobalSection(ExtensibilityGlobals) = postSolution
		SolutionGuid = {6C58CA9A-2EB1-4946-8EEA-B91E5524F4CF}
	EndGlobalSection
EndGlobal
